
Microsoft Visual Studio Solution File, Format Version 12.00
# Visual Studio Version 17
VisualStudioVersion = 17.4.33122.133
MinimumVisualStudioVersion = 10.0.40219.1
Project("{8BC9CEB8-8B4A-11D0-8D11-00A0C91BC942}") = "TaaprWare2", "Hax\Hax.vcxproj", "{E6DE0105-06E7-43C4-A9A8-80FB888D6ECC}"
EndProject
Project("{FAE04EC0-301F-11D3-BF4B-00C04F79EFBC}") = "TaaprWare2-UI", "..\TaaprWare2\TaaprWare2-UI\TaaprWare2-UI.csproj", "{7631001F-BBE2-4FD4-AB1E-8B8C6E2CBF0D}"
EndProject
Global
	GlobalSection(SolutionConfigurationPlatforms) = preSolution
		Debug|Any CPU = Debug|Any CPU
		Debug|x64 = Debug|x64
		Debug|x86 = Debug|x86
		Release|Any CPU = Release|Any CPU
		Release|x64 = Release|x64
		Release|x86 = Release|x86
	EndGlobalSection
	GlobalSection(ProjectConfigurationPlatforms) = postSolution
		{E6DE0105-06E7-43C4-A9A8-80FB888D6ECC}.Debug|Any CPU.ActiveCfg = Debug|x64
		{E6DE0105-06E7-43C4-A9A8-80FB888D6ECC}.Debug|Any CPU.Build.0 = Debug|x64
		{E6DE0105-06E7-43C4-A9A8-80FB888D6ECC}.Debug|x64.ActiveCfg = Debug|x64
		{E6DE0105-06E7-43C4-A9A8-80FB888D6ECC}.Debug|x64.Build.0 = Debug|x64
		{E6DE0105-06E7-43C4-A9A8-80FB888D6ECC}.Debug|x86.ActiveCfg = Debug|Win32
		{E6DE0105-06E7-43C4-A9A8-80FB888D6ECC}.Debug|x86.Build.0 = Debug|Win32
		{E6DE0105-06E7-43C4-A9A8-80FB888D6ECC}.Release|Any CPU.ActiveCfg = Release|x64
		{E6DE0105-06E7-43C4-A9A8-80FB888D6ECC}.Release|Any CPU.Build.0 = Release|x64
		{E6DE0105-06E7-43C4-A9A8-80FB888D6ECC}.Release|x64.ActiveCfg = Release|x64
		{E6DE0105-06E7-43C4-A9A8-80FB888D6ECC}.Release|x64.Build.0 = Release|x64
		{E6DE0105-06E7-43C4-A9A8-80FB888D6ECC}.Release|x86.ActiveCfg = Release|Win32
		{E6DE0105-06E7-43C4-A9A8-80FB888D6ECC}.Release|x86.Build.0 = Release|Win32
		{7631001F-BBE2-4FD4-AB1E-8B8C6E2CBF0D}.Debug|Any CPU.ActiveCfg = Debug|Any CPU
		{7631001F-BBE2-4FD4-AB1E-8B8C6E2CBF0D}.Debug|Any CPU.Build.0 = Debug|Any CPU
		{7631001F-BBE2-4FD4-AB1E-8B8C6E2CBF0D}.Debug|x64.ActiveCfg = Debug|Any CPU
		{7631001F-BBE2-4FD4-AB1E-8B8C6E2CBF0D}.Debug|x64.Build.0 = Debug|Any CPU
		{7631001F-BBE2-4FD4-AB1E-8B8C6E2CBF0D}.Debug|x86.ActiveCfg = Debug|Any CPU
		{7631001F-BBE2-4FD4-AB1E-8B8C6E2CBF0D}.Debug|x86.Build.0 = Debug|Any CPU
		{7631001F-BBE2-4FD4-AB1E-8B8C6E2CBF0D}.Release|Any CPU.ActiveCfg = Release|Any CPU
		{7631001F-BBE2-4FD4-AB1E-8B8C6E2CBF0D}.Release|Any CPU.Build.0 = Release|Any CPU
		{7631001F-BBE2-4FD4-AB1E-8B8C6E2CBF0D}.Release|x64.ActiveCfg = Release|Any CPU
		{7631001F-BBE2-4FD4-AB1E-8B8C6E2CBF0D}.Release|x64.Build.0 = Release|Any CPU
		{7631001F-BBE2-4FD4-AB1E-8B8C6E2CBF0D}.Release|x86.ActiveCfg = Release|Any CPU
		{7631001F-BBE2-4FD4-AB1E-8B8C6E2CBF0D}.Release|x86.Build.0 = Release|Any CPU
	EndGlobalSection
	GlobalSection(SolutionProperties) = preSolution
		HideSolutionNode = FALSE
	EndGlobalSection
	GlobalSection(ExtensibilityGlobals) = postSolution
		SolutionGuid = {702C840B-70CC-433B-99F4-6EA33558ED6F}
	EndGlobalSection
EndGlobal
