<?xml version="1.0" encoding="utf-8"?>
<Project ToolsVersion="4.0" xmlns="http://schemas.microsoft.com/developer/msbuild/2003">
  <ItemGroup>
    <Filter Include="Source Files">
      <UniqueIdentifier>{4FC737F1-C7A5-4376-A066-2A32D752A2FF}</UniqueIdentifier>
      <Extensions>cpp;c;cc;cxx;c++;cppm;ixx;def;odl;idl;hpj;bat;asm;asmx</Extensions>
    </Filter>
    <Filter Include="Header Files">
      <UniqueIdentifier>{93995380-89BD-4b04-88EB-625FBE52EBFB}</UniqueIdentifier>
      <Extensions>h;hh;hpp;hxx;h++;hm;inl;inc;ipp;xsd</Extensions>
    </Filter>
    <Filter Include="Resource Files">
      <UniqueIdentifier>{67DA6AB6-F800-4c08-8B7A-83BB121AAD01}</UniqueIdentifier>
      <Extensions>rc;ico;cur;bmp;dlg;rc2;rct;bin;rgs;gif;jpg;jpeg;jpe;resx;tiff;tif;png;wav;mfcribbon-ms</Extensions>
    </Filter>
    <Filter Include="Header Files\include">
      <UniqueIdentifier>{c04c8ad0-ce3a-4b72-9e06-d9f3791f800f}</UniqueIdentifier>
    </Filter>
    <Filter Include="Header Files\lib">
      <UniqueIdentifier>{6d80a945-e0ab-44a1-be16-d298b4666c3f}</UniqueIdentifier>
    </Filter>
    <Filter Include="Source Files\roblox">
      <UniqueIdentifier>{2ae86789-f5c5-4597-9818-4638c3cb2c6b}</UniqueIdentifier>
    </Filter>
    <Filter Include="Header Files\roblox">
      <UniqueIdentifier>{34af1b81-281f-4280-88c6-25f1ed5f744c}</UniqueIdentifier>
    </Filter>
    <Filter Include="Header Files\security">
      <UniqueIdentifier>{4767268c-781f-4a77-8973-e9051bda17f2}</UniqueIdentifier>
    </Filter>
    <Filter Include="Header Files\misc">
      <UniqueIdentifier>{6130e5f6-d0fd-48d9-a76e-48f49a53e342}</UniqueIdentifier>
    </Filter>
    <Filter Include="Source Files\security">
      <UniqueIdentifier>{0569d356-b53b-461c-a242-0c251a33c559}</UniqueIdentifier>
    </Filter>
    <Filter Include="Source Files\misc">
      <UniqueIdentifier>{6bf50a80-93b8-4347-a25f-22c5acf812f5}</UniqueIdentifier>
    </Filter>
  </ItemGroup>
  <ItemGroup>
    <ClCompile Include="dllmain.cpp">
      <Filter>Source Files</Filter>
    </ClCompile>
    <ClCompile Include="encryption.cpp">
      <Filter>Source Files\roblox</Filter>
    </ClCompile>
    <ClCompile Include="exceptionfilter.cpp">
      <Filter>Source Files\roblox</Filter>
    </ClCompile>
    <ClCompile Include="fps.cpp">
      <Filter>Source Files\roblox</Filter>
    </ClCompile>
    <ClCompile Include="functions.cpp">
      <Filter>Source Files\roblox</Filter>
    </ClCompile>
    <ClCompile Include="md5.cpp">
      <Filter>Source Files\security</Filter>
    </ClCompile>
    <ClCompile Include="rbxinstance.cpp">
      <Filter>Source Files\roblox</Filter>
    </ClCompile>
    <ClCompile Include="rlapi.cpp">
      <Filter>Source Files\roblox</Filter>
    </ClCompile>
    <ClCompile Include="AUMB_utils\utils.cpp">
      <Filter>Source Files\security</Filter>
    </ClCompile>
    <ClCompile Include="file.cpp">
      <Filter>Source Files\misc</Filter>
    </ClCompile>
    <ClCompile Include="hwid.cpp">
      <Filter>Source Files\security</Filter>
    </ClCompile>
  </ItemGroup>
  <ItemGroup>
    <ClInclude Include="include\xxhash.h">
      <Filter>Header Files\include</Filter>
    </ClInclude>
    <ClInclude Include="include\zstd.h">
      <Filter>Header Files\include</Filter>
    </ClInclude>
    <ClInclude Include="md5.h">
      <Filter>Header Files\include</Filter>
    </ClInclude>
    <ClInclude Include="addresses.h">
      <Filter>Header Files\roblox</Filter>
    </ClInclude>
    <ClInclude Include="encryption.h">
      <Filter>Header Files\roblox</Filter>
    </ClInclude>
    <ClInclude Include="exceptionfilter.h">
      <Filter>Header Files\roblox</Filter>
    </ClInclude>
    <ClInclude Include="fps.h">
      <Filter>Header Files\roblox</Filter>
    </ClInclude>
    <ClInclude Include="functions.h">
      <Filter>Header Files\roblox</Filter>
    </ClInclude>
    <ClInclude Include="xorstr.h">
      <Filter>Header Files\security</Filter>
    </ClInclude>
    <ClInclude Include="AUMB_utils\utils.hpp">
      <Filter>Header Files\security</Filter>
    </ClInclude>
    <ClInclude Include="file.h">
      <Filter>Header Files\misc</Filter>
    </ClInclude>
    <ClInclude Include="resource.h">
      <Filter>Header Files\misc</Filter>
    </ClInclude>
    <ClInclude Include="rlapi.h">
      <Filter>Header Files\roblox</Filter>
    </ClInclude>
    <ClInclude Include="consolecolors.h">
      <Filter>Header Files\misc</Filter>
    </ClInclude>
    <ClInclude Include="rbxinstance.h">
      <Filter>Header Files\roblox</Filter>
    </ClInclude>
    <ClInclude Include="hwid.h">
      <Filter>Header Files\security</Filter>
    </ClInclude>
  </ItemGroup>
  <ItemGroup>
    <ResourceCompile Include="Hax.rc">
      <Filter>Resource Files</Filter>
    </ResourceCompile>
  </ItemGroup>
  <ItemGroup>
    <Library Include="lib\xxhash.lib">
      <Filter>Header Files\lib</Filter>
    </Library>
    <Library Include="lib\libzstd_static.lib">
      <Filter>Header Files\lib</Filter>
    </Library>
    <Library Include="Luau/Luau.VM.lib">
      <Filter>Header Files\lib</Filter>
    </Library>
    <Library Include="Luau/Luau.Analysis.lib">
      <Filter>Header Files\lib</Filter>
    </Library>
    <Library Include="Luau/Luau.Ast.lib">
      <Filter>Header Files\lib</Filter>
    </Library>
    <Library Include="Luau/Luau.CodeGen.lib">
      <Filter>Header Files\lib</Filter>
    </Library>
    <Library Include="Luau/Luau.Compiler.lib">
      <Filter>Header Files\lib</Filter>
    </Library>
  </ItemGroup>
</Project>